
Microsoft Visual Studio Solution File, Format Version 12.00
# Visual Studio 14
VisualStudioVersion = 14.0.23107.0
MinimumVisualStudioVersion = 10.0.40219.1
Project("{8BC9CEB8-8B4A-11D0-8D11-00A0C91BC942}") = "187", "187\187.vcxproj", "{9CBE8F63-5CA9-4CE9-9542-7C6ED7493329}"
EndProject
Project("{8BC9CEB8-8B4A-11D0-8D11-00A0C91BC942}") = "190", "190\190.vcxproj", "{A66F21EC-1CB9-441F-9707-E708B3E901A8}"
EndProject
Project("{8BC9CEB8-8B4A-11D0-8D11-00A0C91BC942}") = "226", "226\226.vcxproj", "{57EFEC98-0C59-4664-B69B-3FE73FDDEED6}"
EndProject
Global
	GlobalSection(SolutionConfigurationPlatforms) = preSolution
		Debug|Win32 = Debug|Win32
		Debug|x64 = Debug|x64
		Release|Win32 = Release|Win32
		Release|x64 = Release|x64
	EndGlobalSection
	GlobalSection(ProjectConfigurationPlatforms) = postSolution
		{9CBE8F63-5CA9-4CE9-9542-7C6ED7493329}.Debug|Win32.ActiveCfg = Debug|Win32
		{9CBE8F63-5CA9-4CE9-9542-7C6ED7493329}.Debug|Win32.Build.0 = Debug|Win32
		{9CBE8F63-5CA9-4CE9-9542-7C6ED7493329}.Debug|x64.ActiveCfg = Debug|Win32
		{9CBE8F63-5CA9-4CE9-9542-7C6ED7493329}.Release|Win32.ActiveCfg = Release|Win32
		{9CBE8F63-5CA9-4CE9-9542-7C6ED7493329}.Release|Win32.Build.0 = Release|Win32
		{9CBE8F63-5CA9-4CE9-9542-7C6ED7493329}.Release|x64.ActiveCfg = Release|Win32
		{A66F21EC-1CB9-441F-9707-E708B3E901A8}.Debug|Win32.ActiveCfg = Debug|Win32
		{A66F21EC-1CB9-441F-9707-E708B3E901A8}.Debug|Win32.Build.0 = Debug|Win32
		{A66F21EC-1CB9-441F-9707-E708B3E901A8}.Debug|x64.ActiveCfg = Debug|Win32
		{A66F21EC-1CB9-441F-9707-E708B3E901A8}.Release|Win32.ActiveCfg = Release|Win32
		{A66F21EC-1CB9-441F-9707-E708B3E901A8}.Release|Win32.Build.0 = Release|Win32
		{A66F21EC-1CB9-441F-9707-E708B3E901A8}.Release|x64.ActiveCfg = Release|Win32
		{57EFEC98-0C59-4664-B69B-3FE73FDDEED6}.Debug|Win32.ActiveCfg = Debug|Win32
		{57EFEC98-0C59-4664-B69B-3FE73FDDEED6}.Debug|Win32.Build.0 = Debug|Win32
		{57EFEC98-0C59-4664-B69B-3FE73FDDEED6}.Debug|x64.ActiveCfg = Debug|x64
		{57EFEC98-0C59-4664-B69B-3FE73FDDEED6}.Debug|x64.Build.0 = Debug|x64
		{57EFEC98-0C59-4664-B69B-3FE73FDDEED6}.Release|Win32.ActiveCfg = Release|Win32
		{57EFEC98-0C59-4664-B69B-3FE73FDDEED6}.Release|Win32.Build.0 = Release|Win32
		{57EFEC98-0C59-4664-B69B-3FE73FDDEED6}.Release|x64.ActiveCfg = Release|x64
		{57EFEC98-0C59-4664-B69B-3FE73FDDEED6}.Release|x64.Build.0 = Release|x64
	EndGlobalSection
	GlobalSection(SolutionProperties) = preSolution
		HideSolutionNode = FALSE
	EndGlobalSection
EndGlobal
